
Microsoft Visual Studio Solution File, Format Version 12.00
# Visual Studio Version 17
VisualStudioVersion = 17.2.32602.215
MinimumVisualStudioVersion = 10.0.40219.1
Project("{FAE04EC0-301F-11D3-BF4B-00C04F79EFBC}") = "KeeP", "KeeP.csproj", "{7FF3611D-93C7-42CC-A81B-BA5C0384E5BC}"
EndProject
Global
	GlobalSection(SolutionConfigurationPlatforms) = preSolution
		Debug|Any CPU = Debug|Any CPU
		Release|Any CPU = Release|Any CPU
	EndGlobalSection
	GlobalSection(ProjectConfigurationPlatforms) = postSolution
		{7FF3611D-93C7-42CC-A81B-BA5C0384E5BC}.Debug|Any CPU.ActiveCfg = Debug|Any CPU
		{7FF3611D-93C7-42CC-A81B-BA5C0384E5BC}.Debug|Any CPU.Build.0 = Debug|Any CPU
		{7FF3611D-93C7-42CC-A81B-BA5C0384E5BC}.Release|Any CPU.ActiveCfg = Release|Any CPU
		{7FF3611D-93C7-42CC-A81B-BA5C0384E5BC}.Release|Any CPU.Build.0 = Release|Any CPU
	EndGlobalSection
	GlobalSection(SolutionProperties) = preSolution
		HideSolutionNode = FALSE
	EndGlobalSection
	GlobalSection(ExtensibilityGlobals) = postSolution
		SolutionGuid = {0E2B0D25-26B7-405B-89EE-6B48BC129B37}
	EndGlobalSection
EndGlobal
